
Microsoft Visual Studio Solution File, Format Version 12.00
# Visual Studio for Mac
Project("{FAE04EC0-301F-11D3-BF4B-00C04F79EFBC}") = "Cam Rotation Test 2", "Cam Rotation Test 2.csproj", "{1C8921DB-0F7F-79DE-9903-064D69896819}"
EndProject
Project("{FAE04EC0-301F-11D3-BF4B-00C04F79EFBC}") = "Cam Rotation Test 2.Editor", "Cam Rotation Test 2.Editor.csproj", "{3325392A-BB8B-0162-6FB0-E261E7B24879}"
EndProject
Global
	GlobalSection(SolutionConfigurationPlatforms) = preSolution
		Debug|Any CPU = Debug|Any CPU
		Release|Any CPU = Release|Any CPU
	EndGlobalSection
	GlobalSection(ProjectConfigurationPlatforms) = postSolution
		{1C8921DB-0F7F-79DE-9903-064D69896819}.Debug|Any CPU.ActiveCfg = Debug|Any CPU
		{1C8921DB-0F7F-79DE-9903-064D69896819}.Debug|Any CPU.Build.0 = Debug|Any CPU
		{1C8921DB-0F7F-79DE-9903-064D69896819}.Release|Any CPU.ActiveCfg = Release|Any CPU
		{1C8921DB-0F7F-79DE-9903-064D69896819}.Release|Any CPU.Build.0 = Release|Any CPU
		{3325392A-BB8B-0162-6FB0-E261E7B24879}.Debug|Any CPU.ActiveCfg = Debug|Any CPU
		{3325392A-BB8B-0162-6FB0-E261E7B24879}.Debug|Any CPU.Build.0 = Debug|Any CPU
		{3325392A-BB8B-0162-6FB0-E261E7B24879}.Release|Any CPU.ActiveCfg = Release|Any CPU
		{3325392A-BB8B-0162-6FB0-E261E7B24879}.Release|Any CPU.Build.0 = Release|Any CPU
	EndGlobalSection
	GlobalSection(SolutionProperties) = preSolution
		HideSolutionNode = FALSE
	EndGlobalSection
EndGlobal
